
Microsoft Visual Studio Solution File, Format Version 12.00
# Visual Studio Version 16
VisualStudioVersion = 16.0.31005.135
MinimumVisualStudioVersion = 10.0.40219.1
Project("{FAE04EC0-301F-11D3-BF4B-00C04F79EFBC}") = "HotRods", "HotRods\HotRods.csproj", "{F034135A-218A-4CD4-8D8F-F9DEB0F8F3CC}"
EndProject
Global
	GlobalSection(SolutionConfigurationPlatforms) = preSolution
		Debug|Any CPU = Debug|Any CPU
		Release|Any CPU = Release|Any CPU
	EndGlobalSection
	GlobalSection(ProjectConfigurationPlatforms) = postSolution
		{F034135A-218A-4CD4-8D8F-F9DEB0F8F3CC}.Debug|Any CPU.ActiveCfg = Debug|Any CPU
		{F034135A-218A-4CD4-8D8F-F9DEB0F8F3CC}.Debug|Any CPU.Build.0 = Debug|Any CPU
		{F034135A-218A-4CD4-8D8F-F9DEB0F8F3CC}.Release|Any CPU.ActiveCfg = Release|Any CPU
		{F034135A-218A-4CD4-8D8F-F9DEB0F8F3CC}.Release|Any CPU.Build.0 = Release|Any CPU
	EndGlobalSection
	GlobalSection(SolutionProperties) = preSolution
		HideSolutionNode = FALSE
	EndGlobalSection
	GlobalSection(ExtensibilityGlobals) = postSolution
		SolutionGuid = {989D50E0-F762-41B8-8C94-6BABD7F4CD76}
	EndGlobalSection
EndGlobal
